
Microsoft Visual Studio Solution File, Format Version 12.00
# Visual Studio Version 17
VisualStudioVersion = 17.10.35013.160
MinimumVisualStudioVersion = 10.0.40219.1
Project("{FAE04EC0-301F-11D3-BF4B-00C04F79EFBC}") = "Webapplication", "Webapplication.csproj", "{C72C9B72-D16C-468D-9C4A-76FD66B1D524}"
EndProject
Global
	GlobalSection(SolutionConfigurationPlatforms) = preSolution
		Debug|Any CPU = Debug|Any CPU
		Release|Any CPU = Release|Any CPU
	EndGlobalSection
	GlobalSection(ProjectConfigurationPlatforms) = postSolution
		{C72C9B72-D16C-468D-9C4A-76FD66B1D524}.Debug|Any CPU.ActiveCfg = Debug|Any CPU
		{C72C9B72-D16C-468D-9C4A-76FD66B1D524}.Debug|Any CPU.Build.0 = Debug|Any CPU
		{C72C9B72-D16C-468D-9C4A-76FD66B1D524}.Release|Any CPU.ActiveCfg = Release|Any CPU
		{C72C9B72-D16C-468D-9C4A-76FD66B1D524}.Release|Any CPU.Build.0 = Release|Any CPU
	EndGlobalSection
	GlobalSection(SolutionProperties) = preSolution
		HideSolutionNode = FALSE
	EndGlobalSection
	GlobalSection(ExtensibilityGlobals) = postSolution
		SolutionGuid = {E5D5DEDC-05A8-4BF0-9BB7-11E8E4AB508A}
	EndGlobalSection
EndGlobal
